
Microsoft Visual Studio Solution File, Format Version 12.00
# Visual Studio Version 17
VisualStudioVersion = 17.8.34330.188
MinimumVisualStudioVersion = 10.0.40219.1
Project("{8BC9CEB8-8B4A-11D0-8D11-00A0C91BC942}") = "2751_Sort", "Sort\Sort.vcxproj", "{DD8592C6-0B93-4E37-9961-42EFBEF9BD63}"
EndProject
Project("{8BC9CEB8-8B4A-11D0-8D11-00A0C91BC942}") = "1991_Tree_traversal", "1991_Tree_traversal\1991_Tree_traversal.vcxproj", "{75ADD787-6B19-400A-BE14-0D81AC4296A8}"
EndProject
Project("{8BC9CEB8-8B4A-11D0-8D11-00A0C91BC942}") = "11724_연결요소의개수", "11725_연결요소의개수\11725_연결요소의개수.vcxproj", "{448234F6-B3CA-4772-B52C-574DFF28355A}"
EndProject
Project("{8BC9CEB8-8B4A-11D0-8D11-00A0C91BC942}") = "1463_1로만들기_dp.cpp", "1463_1로만들기_dp.cpp\1463_1로만들기_dp.cpp.vcxproj", "{9B83190F-7501-4BD2-8507-CD7E2906B101}"
EndProject
Project("{8BC9CEB8-8B4A-11D0-8D11-00A0C91BC942}") = "11662_민호와_강호", "11662_민호와_강호\11662_민호와_강호.vcxproj", "{387F1FBD-610C-48C2-AF48-F182061D690B}"
EndProject
Project("{8BC9CEB8-8B4A-11D0-8D11-00A0C91BC942}") = "10610_30", "10610_30\10610_30.vcxproj", "{22408715-5455-42CB-836D-63DB281F3811}"
EndProject
Project("{8BC9CEB8-8B4A-11D0-8D11-00A0C91BC942}") = "1707_이분그래프", "1707_이분그래프\1707_이분그래프.vcxproj", "{A8445F71-DF53-4405-8025-0194FD9F8DD5}"
EndProject
Project("{8BC9CEB8-8B4A-11D0-8D11-00A0C91BC942}") = "10844_쉬운계단수", "10844_쉬운계단수\10844_쉬운계단수.vcxproj", "{30590D63-A9A7-484A-89A0-59CB9A931CD6}"
EndProject
Project("{8BC9CEB8-8B4A-11D0-8D11-00A0C91BC942}") = "2110_공유기설치", "2110_공유기설치\2110_공유기설치.vcxproj", "{1A88A401-2BEC-4934-9BA6-F8AB64ED731A}"
EndProject
Project("{8BC9CEB8-8B4A-11D0-8D11-00A0C91BC942}") = "11057_오르막수", "11057_오르막수\11057_오르막수.vcxproj", "{630897DB-FB2D-4D79-A134-DF3C44D9DFC1}"
EndProject
Project("{8BC9CEB8-8B4A-11D0-8D11-00A0C91BC942}") = "2805_나무자르기", "2805_나무자르기\2805_나무자르기.vcxproj", "{8C46C089-EB9B-46CF-B77C-0A8D981FDE3B}"
EndProject
Project("{8BC9CEB8-8B4A-11D0-8D11-00A0C91BC942}") = "10451_순열사이클", "10451_순열사이클\10451_순열사이클.vcxproj", "{136B12F2-B85B-4B91-8AF8-0961F9C5250A}"
EndProject
Project("{8BC9CEB8-8B4A-11D0-8D11-00A0C91BC942}") = "1931_회의실배정", "1931_회의실배정\1931_회의실배정.vcxproj", "{03BE74C7-55F3-4859-BFEA-6294A147A260}"
EndProject
Project("{8BC9CEB8-8B4A-11D0-8D11-00A0C91BC942}") = "1654_랜선자르기", "1654_랜선자르기\1654_랜선자르기.vcxproj", "{ACB4AA4C-C33D-4D5F-9B86-3AC65735D643}"
EndProject
Project("{8BC9CEB8-8B4A-11D0-8D11-00A0C91BC942}") = "9465_스티커", "9465_스티커\9465_스티커.vcxproj", "{0CDA1835-76B6-453C-9920-934B78942734}"
EndProject
Project("{8BC9CEB8-8B4A-11D0-8D11-00A0C91BC942}") = "2331_반복수열", "2331_반복수열\2331_반복수열.vcxproj", "{A3A1395E-C829-47C6-93F4-1EE600BD7645}"
EndProject
Project("{8BC9CEB8-8B4A-11D0-8D11-00A0C91BC942}") = "9466_텀프로젝트", "9466_텀프로젝트\9466_텀프로젝트.vcxproj", "{2DCA8E91-1B16-4E25-A3CC-FCEA9E7B586F}"
EndProject
Global
	GlobalSection(SolutionConfigurationPlatforms) = preSolution
		Debug|ARM64 = Debug|ARM64
		Debug|x64 = Debug|x64
		Debug|x86 = Debug|x86
		Release|ARM64 = Release|ARM64
		Release|x64 = Release|x64
		Release|x86 = Release|x86
	EndGlobalSection
	GlobalSection(ProjectConfigurationPlatforms) = postSolution
		{DD8592C6-0B93-4E37-9961-42EFBEF9BD63}.Debug|ARM64.ActiveCfg = Debug|x64
		{DD8592C6-0B93-4E37-9961-42EFBEF9BD63}.Debug|ARM64.Build.0 = Debug|x64
		{DD8592C6-0B93-4E37-9961-42EFBEF9BD63}.Debug|x64.ActiveCfg = Debug|x64
		{DD8592C6-0B93-4E37-9961-42EFBEF9BD63}.Debug|x64.Build.0 = Debug|x64
		{DD8592C6-0B93-4E37-9961-42EFBEF9BD63}.Debug|x86.ActiveCfg = Debug|Win32
		{DD8592C6-0B93-4E37-9961-42EFBEF9BD63}.Debug|x86.Build.0 = Debug|Win32
		{DD8592C6-0B93-4E37-9961-42EFBEF9BD63}.Release|ARM64.ActiveCfg = Release|x64
		{DD8592C6-0B93-4E37-9961-42EFBEF9BD63}.Release|ARM64.Build.0 = Release|x64
		{DD8592C6-0B93-4E37-9961-42EFBEF9BD63}.Release|x64.ActiveCfg = Release|x64
		{DD8592C6-0B93-4E37-9961-42EFBEF9BD63}.Release|x64.Build.0 = Release|x64
		{DD8592C6-0B93-4E37-9961-42EFBEF9BD63}.Release|x86.ActiveCfg = Release|Win32
		{DD8592C6-0B93-4E37-9961-42EFBEF9BD63}.Release|x86.Build.0 = Release|Win32
		{75ADD787-6B19-400A-BE14-0D81AC4296A8}.Debug|ARM64.ActiveCfg = Debug|ARM64
		{75ADD787-6B19-400A-BE14-0D81AC4296A8}.Debug|ARM64.Build.0 = Debug|ARM64
		{75ADD787-6B19-400A-BE14-0D81AC4296A8}.Debug|x64.ActiveCfg = Debug|x64
		{75ADD787-6B19-400A-BE14-0D81AC4296A8}.Debug|x64.Build.0 = Debug|x64
		{75ADD787-6B19-400A-BE14-0D81AC4296A8}.Debug|x86.ActiveCfg = Debug|Win32
		{75ADD787-6B19-400A-BE14-0D81AC4296A8}.Debug|x86.Build.0 = Debug|Win32
		{75ADD787-6B19-400A-BE14-0D81AC4296A8}.Release|ARM64.ActiveCfg = Release|ARM64
		{75ADD787-6B19-400A-BE14-0D81AC4296A8}.Release|ARM64.Build.0 = Release|ARM64
		{75ADD787-6B19-400A-BE14-0D81AC4296A8}.Release|x64.ActiveCfg = Release|x64
		{75ADD787-6B19-400A-BE14-0D81AC4296A8}.Release|x64.Build.0 = Release|x64
		{75ADD787-6B19-400A-BE14-0D81AC4296A8}.Release|x86.ActiveCfg = Release|Win32
		{75ADD787-6B19-400A-BE14-0D81AC4296A8}.Release|x86.Build.0 = Release|Win32
		{448234F6-B3CA-4772-B52C-574DFF28355A}.Debug|ARM64.ActiveCfg = Debug|x64
		{448234F6-B3CA-4772-B52C-574DFF28355A}.Debug|ARM64.Build.0 = Debug|x64
		{448234F6-B3CA-4772-B52C-574DFF28355A}.Debug|x64.ActiveCfg = Debug|x64
		{448234F6-B3CA-4772-B52C-574DFF28355A}.Debug|x64.Build.0 = Debug|x64
		{448234F6-B3CA-4772-B52C-574DFF28355A}.Debug|x86.ActiveCfg = Debug|Win32
		{448234F6-B3CA-4772-B52C-574DFF28355A}.Debug|x86.Build.0 = Debug|Win32
		{448234F6-B3CA-4772-B52C-574DFF28355A}.Release|ARM64.ActiveCfg = Release|x64
		{448234F6-B3CA-4772-B52C-574DFF28355A}.Release|ARM64.Build.0 = Release|x64
		{448234F6-B3CA-4772-B52C-574DFF28355A}.Release|x64.ActiveCfg = Release|x64
		{448234F6-B3CA-4772-B52C-574DFF28355A}.Release|x64.Build.0 = Release|x64
		{448234F6-B3CA-4772-B52C-574DFF28355A}.Release|x86.ActiveCfg = Release|Win32
		{448234F6-B3CA-4772-B52C-574DFF28355A}.Release|x86.Build.0 = Release|Win32
		{9B83190F-7501-4BD2-8507-CD7E2906B101}.Debug|ARM64.ActiveCfg = Debug|ARM64
		{9B83190F-7501-4BD2-8507-CD7E2906B101}.Debug|ARM64.Build.0 = Debug|ARM64
		{9B83190F-7501-4BD2-8507-CD7E2906B101}.Debug|x64.ActiveCfg = Debug|x64
		{9B83190F-7501-4BD2-8507-CD7E2906B101}.Debug|x64.Build.0 = Debug|x64
		{9B83190F-7501-4BD2-8507-CD7E2906B101}.Debug|x86.ActiveCfg = Debug|Win32
		{9B83190F-7501-4BD2-8507-CD7E2906B101}.Debug|x86.Build.0 = Debug|Win32
		{9B83190F-7501-4BD2-8507-CD7E2906B101}.Release|ARM64.ActiveCfg = Release|ARM64
		{9B83190F-7501-4BD2-8507-CD7E2906B101}.Release|ARM64.Build.0 = Release|ARM64
		{9B83190F-7501-4BD2-8507-CD7E2906B101}.Release|x64.ActiveCfg = Release|x64
		{9B83190F-7501-4BD2-8507-CD7E2906B101}.Release|x64.Build.0 = Release|x64
		{9B83190F-7501-4BD2-8507-CD7E2906B101}.Release|x86.ActiveCfg = Release|Win32
		{9B83190F-7501-4BD2-8507-CD7E2906B101}.Release|x86.Build.0 = Release|Win32
		{387F1FBD-610C-48C2-AF48-F182061D690B}.Debug|ARM64.ActiveCfg = Debug|ARM64
		{387F1FBD-610C-48C2-AF48-F182061D690B}.Debug|ARM64.Build.0 = Debug|ARM64
		{387F1FBD-610C-48C2-AF48-F182061D690B}.Debug|x64.ActiveCfg = Debug|x64
		{387F1FBD-610C-48C2-AF48-F182061D690B}.Debug|x64.Build.0 = Debug|x64
		{387F1FBD-610C-48C2-AF48-F182061D690B}.Debug|x86.ActiveCfg = Debug|Win32
		{387F1FBD-610C-48C2-AF48-F182061D690B}.Debug|x86.Build.0 = Debug|Win32
		{387F1FBD-610C-48C2-AF48-F182061D690B}.Release|ARM64.ActiveCfg = Release|ARM64
		{387F1FBD-610C-48C2-AF48-F182061D690B}.Release|ARM64.Build.0 = Release|ARM64
		{387F1FBD-610C-48C2-AF48-F182061D690B}.Release|x64.ActiveCfg = Release|x64
		{387F1FBD-610C-48C2-AF48-F182061D690B}.Release|x64.Build.0 = Release|x64
		{387F1FBD-610C-48C2-AF48-F182061D690B}.Release|x86.ActiveCfg = Release|Win32
		{387F1FBD-610C-48C2-AF48-F182061D690B}.Release|x86.Build.0 = Release|Win32
		{22408715-5455-42CB-836D-63DB281F3811}.Debug|ARM64.ActiveCfg = Debug|x64
		{22408715-5455-42CB-836D-63DB281F3811}.Debug|ARM64.Build.0 = Debug|x64
		{22408715-5455-42CB-836D-63DB281F3811}.Debug|x64.ActiveCfg = Debug|x64
		{22408715-5455-42CB-836D-63DB281F3811}.Debug|x64.Build.0 = Debug|x64
		{22408715-5455-42CB-836D-63DB281F3811}.Debug|x86.ActiveCfg = Debug|Win32
		{22408715-5455-42CB-836D-63DB281F3811}.Debug|x86.Build.0 = Debug|Win32
		{22408715-5455-42CB-836D-63DB281F3811}.Release|ARM64.ActiveCfg = Release|x64
		{22408715-5455-42CB-836D-63DB281F3811}.Release|ARM64.Build.0 = Release|x64
		{22408715-5455-42CB-836D-63DB281F3811}.Release|x64.ActiveCfg = Release|x64
		{22408715-5455-42CB-836D-63DB281F3811}.Release|x64.Build.0 = Release|x64
		{22408715-5455-42CB-836D-63DB281F3811}.Release|x86.ActiveCfg = Release|Win32
		{22408715-5455-42CB-836D-63DB281F3811}.Release|x86.Build.0 = Release|Win32
		{A8445F71-DF53-4405-8025-0194FD9F8DD5}.Debug|ARM64.ActiveCfg = Debug|ARM64
		{A8445F71-DF53-4405-8025-0194FD9F8DD5}.Debug|ARM64.Build.0 = Debug|ARM64
		{A8445F71-DF53-4405-8025-0194FD9F8DD5}.Debug|x64.ActiveCfg = Debug|x64
		{A8445F71-DF53-4405-8025-0194FD9F8DD5}.Debug|x64.Build.0 = Debug|x64
		{A8445F71-DF53-4405-8025-0194FD9F8DD5}.Debug|x86.ActiveCfg = Debug|Win32
		{A8445F71-DF53-4405-8025-0194FD9F8DD5}.Debug|x86.Build.0 = Debug|Win32
		{A8445F71-DF53-4405-8025-0194FD9F8DD5}.Release|ARM64.ActiveCfg = Release|ARM64
		{A8445F71-DF53-4405-8025-0194FD9F8DD5}.Release|ARM64.Build.0 = Release|ARM64
		{A8445F71-DF53-4405-8025-0194FD9F8DD5}.Release|x64.ActiveCfg = Release|x64
		{A8445F71-DF53-4405-8025-0194FD9F8DD5}.Release|x64.Build.0 = Release|x64
		{A8445F71-DF53-4405-8025-0194FD9F8DD5}.Release|x86.ActiveCfg = Release|Win32
		{A8445F71-DF53-4405-8025-0194FD9F8DD5}.Release|x86.Build.0 = Release|Win32
		{30590D63-A9A7-484A-89A0-59CB9A931CD6}.Debug|ARM64.ActiveCfg = Debug|ARM64
		{30590D63-A9A7-484A-89A0-59CB9A931CD6}.Debug|ARM64.Build.0 = Debug|ARM64
		{30590D63-A9A7-484A-89A0-59CB9A931CD6}.Debug|x64.ActiveCfg = Debug|x64
		{30590D63-A9A7-484A-89A0-59CB9A931CD6}.Debug|x64.Build.0 = Debug|x64
		{30590D63-A9A7-484A-89A0-59CB9A931CD6}.Debug|x86.ActiveCfg = Debug|Win32
		{30590D63-A9A7-484A-89A0-59CB9A931CD6}.Debug|x86.Build.0 = Debug|Win32
		{30590D63-A9A7-484A-89A0-59CB9A931CD6}.Release|ARM64.ActiveCfg = Release|ARM64
		{30590D63-A9A7-484A-89A0-59CB9A931CD6}.Release|ARM64.Build.0 = Release|ARM64
		{30590D63-A9A7-484A-89A0-59CB9A931CD6}.Release|x64.ActiveCfg = Release|x64
		{30590D63-A9A7-484A-89A0-59CB9A931CD6}.Release|x64.Build.0 = Release|x64
		{30590D63-A9A7-484A-89A0-59CB9A931CD6}.Release|x86.ActiveCfg = Release|Win32
		{30590D63-A9A7-484A-89A0-59CB9A931CD6}.Release|x86.Build.0 = Release|Win32
		{1A88A401-2BEC-4934-9BA6-F8AB64ED731A}.Debug|ARM64.ActiveCfg = Debug|x64
		{1A88A401-2BEC-4934-9BA6-F8AB64ED731A}.Debug|ARM64.Build.0 = Debug|x64
		{1A88A401-2BEC-4934-9BA6-F8AB64ED731A}.Debug|x64.ActiveCfg = Debug|x64
		{1A88A401-2BEC-4934-9BA6-F8AB64ED731A}.Debug|x64.Build.0 = Debug|x64
		{1A88A401-2BEC-4934-9BA6-F8AB64ED731A}.Debug|x86.ActiveCfg = Debug|Win32
		{1A88A401-2BEC-4934-9BA6-F8AB64ED731A}.Debug|x86.Build.0 = Debug|Win32
		{1A88A401-2BEC-4934-9BA6-F8AB64ED731A}.Release|ARM64.ActiveCfg = Release|x64
		{1A88A401-2BEC-4934-9BA6-F8AB64ED731A}.Release|ARM64.Build.0 = Release|x64
		{1A88A401-2BEC-4934-9BA6-F8AB64ED731A}.Release|x64.ActiveCfg = Release|x64
		{1A88A401-2BEC-4934-9BA6-F8AB64ED731A}.Release|x64.Build.0 = Release|x64
		{1A88A401-2BEC-4934-9BA6-F8AB64ED731A}.Release|x86.ActiveCfg = Release|Win32
		{1A88A401-2BEC-4934-9BA6-F8AB64ED731A}.Release|x86.Build.0 = Release|Win32
		{630897DB-FB2D-4D79-A134-DF3C44D9DFC1}.Debug|ARM64.ActiveCfg = Debug|x64
		{630897DB-FB2D-4D79-A134-DF3C44D9DFC1}.Debug|ARM64.Build.0 = Debug|x64
		{630897DB-FB2D-4D79-A134-DF3C44D9DFC1}.Debug|x64.ActiveCfg = Debug|x64
		{630897DB-FB2D-4D79-A134-DF3C44D9DFC1}.Debug|x64.Build.0 = Debug|x64
		{630897DB-FB2D-4D79-A134-DF3C44D9DFC1}.Debug|x86.ActiveCfg = Debug|Win32
		{630897DB-FB2D-4D79-A134-DF3C44D9DFC1}.Debug|x86.Build.0 = Debug|Win32
		{630897DB-FB2D-4D79-A134-DF3C44D9DFC1}.Release|ARM64.ActiveCfg = Release|x64
		{630897DB-FB2D-4D79-A134-DF3C44D9DFC1}.Release|ARM64.Build.0 = Release|x64
		{630897DB-FB2D-4D79-A134-DF3C44D9DFC1}.Release|x64.ActiveCfg = Release|x64
		{630897DB-FB2D-4D79-A134-DF3C44D9DFC1}.Release|x64.Build.0 = Release|x64
		{630897DB-FB2D-4D79-A134-DF3C44D9DFC1}.Release|x86.ActiveCfg = Release|Win32
		{630897DB-FB2D-4D79-A134-DF3C44D9DFC1}.Release|x86.Build.0 = Release|Win32
		{8C46C089-EB9B-46CF-B77C-0A8D981FDE3B}.Debug|ARM64.ActiveCfg = Debug|ARM64
		{8C46C089-EB9B-46CF-B77C-0A8D981FDE3B}.Debug|ARM64.Build.0 = Debug|ARM64
		{8C46C089-EB9B-46CF-B77C-0A8D981FDE3B}.Debug|x64.ActiveCfg = Debug|x64
		{8C46C089-EB9B-46CF-B77C-0A8D981FDE3B}.Debug|x64.Build.0 = Debug|x64
		{8C46C089-EB9B-46CF-B77C-0A8D981FDE3B}.Debug|x86.ActiveCfg = Debug|Win32
		{8C46C089-EB9B-46CF-B77C-0A8D981FDE3B}.Debug|x86.Build.0 = Debug|Win32
		{8C46C089-EB9B-46CF-B77C-0A8D981FDE3B}.Release|ARM64.ActiveCfg = Release|ARM64
		{8C46C089-EB9B-46CF-B77C-0A8D981FDE3B}.Release|ARM64.Build.0 = Release|ARM64
		{8C46C089-EB9B-46CF-B77C-0A8D981FDE3B}.Release|x64.ActiveCfg = Release|x64
		{8C46C089-EB9B-46CF-B77C-0A8D981FDE3B}.Release|x64.Build.0 = Release|x64
		{8C46C089-EB9B-46CF-B77C-0A8D981FDE3B}.Release|x86.ActiveCfg = Release|Win32
		{8C46C089-EB9B-46CF-B77C-0A8D981FDE3B}.Release|x86.Build.0 = Release|Win32
		{136B12F2-B85B-4B91-8AF8-0961F9C5250A}.Debug|ARM64.ActiveCfg = Debug|ARM64
		{136B12F2-B85B-4B91-8AF8-0961F9C5250A}.Debug|ARM64.Build.0 = Debug|ARM64
		{136B12F2-B85B-4B91-8AF8-0961F9C5250A}.Debug|x64.ActiveCfg = Debug|x64
		{136B12F2-B85B-4B91-8AF8-0961F9C5250A}.Debug|x64.Build.0 = Debug|x64
		{136B12F2-B85B-4B91-8AF8-0961F9C5250A}.Debug|x86.ActiveCfg = Debug|Win32
		{136B12F2-B85B-4B91-8AF8-0961F9C5250A}.Debug|x86.Build.0 = Debug|Win32
		{136B12F2-B85B-4B91-8AF8-0961F9C5250A}.Release|ARM64.ActiveCfg = Release|ARM64
		{136B12F2-B85B-4B91-8AF8-0961F9C5250A}.Release|ARM64.Build.0 = Release|ARM64
		{136B12F2-B85B-4B91-8AF8-0961F9C5250A}.Release|x64.ActiveCfg = Release|x64
		{136B12F2-B85B-4B91-8AF8-0961F9C5250A}.Release|x64.Build.0 = Release|x64
		{136B12F2-B85B-4B91-8AF8-0961F9C5250A}.Release|x86.ActiveCfg = Release|Win32
		{136B12F2-B85B-4B91-8AF8-0961F9C5250A}.Release|x86.Build.0 = Release|Win32
		{03BE74C7-55F3-4859-BFEA-6294A147A260}.Debug|ARM64.ActiveCfg = Debug|ARM64
		{03BE74C7-55F3-4859-BFEA-6294A147A260}.Debug|ARM64.Build.0 = Debug|ARM64
		{03BE74C7-55F3-4859-BFEA-6294A147A260}.Debug|x64.ActiveCfg = Debug|x64
		{03BE74C7-55F3-4859-BFEA-6294A147A260}.Debug|x64.Build.0 = Debug|x64
		{03BE74C7-55F3-4859-BFEA-6294A147A260}.Debug|x86.ActiveCfg = Debug|Win32
		{03BE74C7-55F3-4859-BFEA-6294A147A260}.Debug|x86.Build.0 = Debug|Win32
		{03BE74C7-55F3-4859-BFEA-6294A147A260}.Release|ARM64.ActiveCfg = Release|ARM64
		{03BE74C7-55F3-4859-BFEA-6294A147A260}.Release|ARM64.Build.0 = Release|ARM64
		{03BE74C7-55F3-4859-BFEA-6294A147A260}.Release|x64.ActiveCfg = Release|x64
		{03BE74C7-55F3-4859-BFEA-6294A147A260}.Release|x64.Build.0 = Release|x64
		{03BE74C7-55F3-4859-BFEA-6294A147A260}.Release|x86.ActiveCfg = Release|Win32
		{03BE74C7-55F3-4859-BFEA-6294A147A260}.Release|x86.Build.0 = Release|Win32
		{ACB4AA4C-C33D-4D5F-9B86-3AC65735D643}.Debug|ARM64.ActiveCfg = Debug|ARM64
		{ACB4AA4C-C33D-4D5F-9B86-3AC65735D643}.Debug|ARM64.Build.0 = Debug|ARM64
		{ACB4AA4C-C33D-4D5F-9B86-3AC65735D643}.Debug|x64.ActiveCfg = Debug|x64
		{ACB4AA4C-C33D-4D5F-9B86-3AC65735D643}.Debug|x64.Build.0 = Debug|x64
		{ACB4AA4C-C33D-4D5F-9B86-3AC65735D643}.Debug|x86.ActiveCfg = Debug|Win32
		{ACB4AA4C-C33D-4D5F-9B86-3AC65735D643}.Debug|x86.Build.0 = Debug|Win32
		{ACB4AA4C-C33D-4D5F-9B86-3AC65735D643}.Release|ARM64.ActiveCfg = Release|ARM64
		{ACB4AA4C-C33D-4D5F-9B86-3AC65735D643}.Release|ARM64.Build.0 = Release|ARM64
		{ACB4AA4C-C33D-4D5F-9B86-3AC65735D643}.Release|x64.ActiveCfg = Release|x64
		{ACB4AA4C-C33D-4D5F-9B86-3AC65735D643}.Release|x64.Build.0 = Release|x64
		{ACB4AA4C-C33D-4D5F-9B86-3AC65735D643}.Release|x86.ActiveCfg = Release|Win32
		{ACB4AA4C-C33D-4D5F-9B86-3AC65735D643}.Release|x86.Build.0 = Release|Win32
		{0CDA1835-76B6-453C-9920-934B78942734}.Debug|ARM64.ActiveCfg = Debug|ARM64
		{0CDA1835-76B6-453C-9920-934B78942734}.Debug|ARM64.Build.0 = Debug|ARM64
		{0CDA1835-76B6-453C-9920-934B78942734}.Debug|x64.ActiveCfg = Debug|x64
		{0CDA1835-76B6-453C-9920-934B78942734}.Debug|x64.Build.0 = Debug|x64
		{0CDA1835-76B6-453C-9920-934B78942734}.Debug|x86.ActiveCfg = Debug|Win32
		{0CDA1835-76B6-453C-9920-934B78942734}.Debug|x86.Build.0 = Debug|Win32
		{0CDA1835-76B6-453C-9920-934B78942734}.Release|ARM64.ActiveCfg = Release|ARM64
		{0CDA1835-76B6-453C-9920-934B78942734}.Release|ARM64.Build.0 = Release|ARM64
		{0CDA1835-76B6-453C-9920-934B78942734}.Release|x64.ActiveCfg = Release|x64
		{0CDA1835-76B6-453C-9920-934B78942734}.Release|x64.Build.0 = Release|x64
		{0CDA1835-76B6-453C-9920-934B78942734}.Release|x86.ActiveCfg = Release|Win32
		{0CDA1835-76B6-453C-9920-934B78942734}.Release|x86.Build.0 = Release|Win32
		{A3A1395E-C829-47C6-93F4-1EE600BD7645}.Debug|ARM64.ActiveCfg = Debug|ARM64
		{A3A1395E-C829-47C6-93F4-1EE600BD7645}.Debug|ARM64.Build.0 = Debug|ARM64
		{A3A1395E-C829-47C6-93F4-1EE600BD7645}.Debug|x64.ActiveCfg = Debug|x64
		{A3A1395E-C829-47C6-93F4-1EE600BD7645}.Debug|x64.Build.0 = Debug|x64
		{A3A1395E-C829-47C6-93F4-1EE600BD7645}.Debug|x86.ActiveCfg = Debug|Win32
		{A3A1395E-C829-47C6-93F4-1EE600BD7645}.Debug|x86.Build.0 = Debug|Win32
		{A3A1395E-C829-47C6-93F4-1EE600BD7645}.Release|ARM64.ActiveCfg = Release|ARM64
		{A3A1395E-C829-47C6-93F4-1EE600BD7645}.Release|ARM64.Build.0 = Release|ARM64
		{A3A1395E-C829-47C6-93F4-1EE600BD7645}.Release|x64.ActiveCfg = Release|x64
		{A3A1395E-C829-47C6-93F4-1EE600BD7645}.Release|x64.Build.0 = Release|x64
		{A3A1395E-C829-47C6-93F4-1EE600BD7645}.Release|x86.ActiveCfg = Release|Win32
		{A3A1395E-C829-47C6-93F4-1EE600BD7645}.Release|x86.Build.0 = Release|Win32
		{2DCA8E91-1B16-4E25-A3CC-FCEA9E7B586F}.Debug|ARM64.ActiveCfg = Debug|ARM64
		{2DCA8E91-1B16-4E25-A3CC-FCEA9E7B586F}.Debug|ARM64.Build.0 = Debug|ARM64
		{2DCA8E91-1B16-4E25-A3CC-FCEA9E7B586F}.Debug|x64.ActiveCfg = Debug|x64
		{2DCA8E91-1B16-4E25-A3CC-FCEA9E7B586F}.Debug|x64.Build.0 = Debug|x64
		{2DCA8E91-1B16-4E25-A3CC-FCEA9E7B586F}.Debug|x86.ActiveCfg = Debug|Win32
		{2DCA8E91-1B16-4E25-A3CC-FCEA9E7B586F}.Debug|x86.Build.0 = Debug|Win32
		{2DCA8E91-1B16-4E25-A3CC-FCEA9E7B586F}.Release|ARM64.ActiveCfg = Release|ARM64
		{2DCA8E91-1B16-4E25-A3CC-FCEA9E7B586F}.Release|ARM64.Build.0 = Release|ARM64
		{2DCA8E91-1B16-4E25-A3CC-FCEA9E7B586F}.Release|x64.ActiveCfg = Release|x64
		{2DCA8E91-1B16-4E25-A3CC-FCEA9E7B586F}.Release|x64.Build.0 = Release|x64
		{2DCA8E91-1B16-4E25-A3CC-FCEA9E7B586F}.Release|x86.ActiveCfg = Release|Win32
		{2DCA8E91-1B16-4E25-A3CC-FCEA9E7B586F}.Release|x86.Build.0 = Release|Win32
	EndGlobalSection
	GlobalSection(SolutionProperties) = preSolution
		HideSolutionNode = FALSE
	EndGlobalSection
	GlobalSection(ExtensibilityGlobals) = postSolution
		SolutionGuid = {36E7191C-290F-48DD-A222-546F5D72DBD2}
	EndGlobalSection
EndGlobal
