
Microsoft Visual Studio Solution File, Format Version 12.00
# Visual Studio Version 17
VisualStudioVersion = 17.8.34330.188
MinimumVisualStudioVersion = 10.0.40219.1
Project("{8BC9CEB8-8B4A-11D0-8D11-00A0C91BC942}") = "2751_Sort", "Sort\Sort.vcxproj", "{DD8592C6-0B93-4E37-9961-42EFBEF9BD63}"
EndProject
Project("{8BC9CEB8-8B4A-11D0-8D11-00A0C91BC942}") = "1991_Tree_traversal", "1991_Tree_traversal\1991_Tree_traversal.vcxproj", "{75ADD787-6B19-400A-BE14-0D81AC4296A8}"
EndProject
Project("{8BC9CEB8-8B4A-11D0-8D11-00A0C91BC942}") = "11724_연결요소의개수", "11725_연결요소의개수\11725_연결요소의개수.vcxproj", "{448234F6-B3CA-4772-B52C-574DFF28355A}"
EndProject
Project("{8BC9CEB8-8B4A-11D0-8D11-00A0C91BC942}") = "1463_1로만들기_dp.cpp", "1463_1로만들기_dp.cpp\1463_1로만들기_dp.cpp.vcxproj", "{9B83190F-7501-4BD2-8507-CD7E2906B101}"
EndProject
Project("{8BC9CEB8-8B4A-11D0-8D11-00A0C91BC942}") = "11662_민호와_강호", "11662_민호와_강호\11662_민호와_강호.vcxproj", "{387F1FBD-610C-48C2-AF48-F182061D690B}"
EndProject
Project("{8BC9CEB8-8B4A-11D0-8D11-00A0C91BC942}") = "10610_30", "10610_30\10610_30.vcxproj", "{22408715-5455-42CB-836D-63DB281F3811}"
EndProject
Project("{8BC9CEB8-8B4A-11D0-8D11-00A0C91BC942}") = "1707_이분그래프", "1707_이분그래프\1707_이분그래프.vcxproj", "{A8445F71-DF53-4405-8025-0194FD9F8DD5}"
EndProject
Project("{8BC9CEB8-8B4A-11D0-8D11-00A0C91BC942}") = "10844_쉬운계단수", "10844_쉬운계단수\10844_쉬운계단수.vcxproj", "{30590D63-A9A7-484A-89A0-59CB9A931CD6}"
EndProject
Project("{8BC9CEB8-8B4A-11D0-8D11-00A0C91BC942}") = "2110_공유기설치", "2110_공유기설치\2110_공유기설치.vcxproj", "{1A88A401-2BEC-4934-9BA6-F8AB64ED731A}"
EndProject
Global
	GlobalSection(SolutionConfigurationPlatforms) = preSolution
		Debug|ARM64 = Debug|ARM64
		Debug|x64 = Debug|x64
		Debug|x86 = Debug|x86
		Release|ARM64 = Release|ARM64
		Release|x64 = Release|x64
		Release|x86 = Release|x86
	EndGlobalSection
	GlobalSection(ProjectConfigurationPlatforms) = postSolution
		{DD8592C6-0B93-4E37-9961-42EFBEF9BD63}.Debug|ARM64.ActiveCfg = Debug|x64
		{DD8592C6-0B93-4E37-9961-42EFBEF9BD63}.Debug|ARM64.Build.0 = Debug|x64
		{DD8592C6-0B93-4E37-9961-42EFBEF9BD63}.Debug|x64.ActiveCfg = Debug|x64
		{DD8592C6-0B93-4E37-9961-42EFBEF9BD63}.Debug|x64.Build.0 = Debug|x64
		{DD8592C6-0B93-4E37-9961-42EFBEF9BD63}.Debug|x86.ActiveCfg = Debug|Win32
		{DD8592C6-0B93-4E37-9961-42EFBEF9BD63}.Debug|x86.Build.0 = Debug|Win32
		{DD8592C6-0B93-4E37-9961-42EFBEF9BD63}.Release|ARM64.ActiveCfg = Release|x64
		{DD8592C6-0B93-4E37-9961-42EFBEF9BD63}.Release|ARM64.Build.0 = Release|x64
		{DD8592C6-0B93-4E37-9961-42EFBEF9BD63}.Release|x64.ActiveCfg = Release|x64
		{DD8592C6-0B93-4E37-9961-42EFBEF9BD63}.Release|x64.Build.0 = Release|x64
		{DD8592C6-0B93-4E37-9961-42EFBEF9BD63}.Release|x86.ActiveCfg = Release|Win32
		{DD8592C6-0B93-4E37-9961-42EFBEF9BD63}.Release|x86.Build.0 = Release|Win32
		{75ADD787-6B19-400A-BE14-0D81AC4296A8}.Debug|ARM64.ActiveCfg = Debug|ARM64
		{75ADD787-6B19-400A-BE14-0D81AC4296A8}.Debug|ARM64.Build.0 = Debug|ARM64
		{75ADD787-6B19-400A-BE14-0D81AC4296A8}.Debug|x64.ActiveCfg = Debug|x64
		{75ADD787-6B19-400A-BE14-0D81AC4296A8}.Debug|x64.Build.0 = Debug|x64
		{75ADD787-6B19-400A-BE14-0D81AC4296A8}.Debug|x86.ActiveCfg = Debug|Win32
		{75ADD787-6B19-400A-BE14-0D81AC4296A8}.Debug|x86.Build.0 = Debug|Win32
		{75ADD787-6B19-400A-BE14-0D81AC4296A8}.Release|ARM64.ActiveCfg = Release|ARM64
		{75ADD787-6B19-400A-BE14-0D81AC4296A8}.Release|ARM64.Build.0 = Release|ARM64
		{75ADD787-6B19-400A-BE14-0D81AC4296A8}.Release|x64.ActiveCfg = Release|x64
		{75ADD787-6B19-400A-BE14-0D81AC4296A8}.Release|x64.Build.0 = Release|x64
		{75ADD787-6B19-400A-BE14-0D81AC4296A8}.Release|x86.ActiveCfg = Release|Win32
		{75ADD787-6B19-400A-BE14-0D81AC4296A8}.Release|x86.Build.0 = Release|Win32
		{448234F6-B3CA-4772-B52C-574DFF28355A}.Debug|ARM64.ActiveCfg = Debug|x64
		{448234F6-B3CA-4772-B52C-574DFF28355A}.Debug|ARM64.Build.0 = Debug|x64
		{448234F6-B3CA-4772-B52C-574DFF28355A}.Debug|x64.ActiveCfg = Debug|x64
		{448234F6-B3CA-4772-B52C-574DFF28355A}.Debug|x64.Build.0 = Debug|x64
		{448234F6-B3CA-4772-B52C-574DFF28355A}.Debug|x86.ActiveCfg = Debug|Win32
		{448234F6-B3CA-4772-B52C-574DFF28355A}.Debug|x86.Build.0 = Debug|Win32
		{448234F6-B3CA-4772-B52C-574DFF28355A}.Release|ARM64.ActiveCfg = Release|x64
		{448234F6-B3CA-4772-B52C-574DFF28355A}.Release|ARM64.Build.0 = Release|x64
		{448234F6-B3CA-4772-B52C-574DFF28355A}.Release|x64.ActiveCfg = Release|x64
		{448234F6-B3CA-4772-B52C-574DFF28355A}.Release|x64.Build.0 = Release|x64
		{448234F6-B3CA-4772-B52C-574DFF28355A}.Release|x86.ActiveCfg = Release|Win32
		{448234F6-B3CA-4772-B52C-574DFF28355A}.Release|x86.Build.0 = Release|Win32
		{9B83190F-7501-4BD2-8507-CD7E2906B101}.Debug|ARM64.ActiveCfg = Debug|ARM64
		{9B83190F-7501-4BD2-8507-CD7E2906B101}.Debug|ARM64.Build.0 = Debug|ARM64
		{9B83190F-7501-4BD2-8507-CD7E2906B101}.Debug|x64.ActiveCfg = Debug|x64
		{9B83190F-7501-4BD2-8507-CD7E2906B101}.Debug|x64.Build.0 = Debug|x64
		{9B83190F-7501-4BD2-8507-CD7E2906B101}.Debug|x86.ActiveCfg = Debug|Win32
		{9B83190F-7501-4BD2-8507-CD7E2906B101}.Debug|x86.Build.0 = Debug|Win32
		{9B83190F-7501-4BD2-8507-CD7E2906B101}.Release|ARM64.ActiveCfg = Release|ARM64
		{9B83190F-7501-4BD2-8507-CD7E2906B101}.Release|ARM64.Build.0 = Release|ARM64
		{9B83190F-7501-4BD2-8507-CD7E2906B101}.Release|x64.ActiveCfg = Release|x64
		{9B83190F-7501-4BD2-8507-CD7E2906B101}.Release|x64.Build.0 = Release|x64
		{9B83190F-7501-4BD2-8507-CD7E2906B101}.Release|x86.ActiveCfg = Release|Win32
		{9B83190F-7501-4BD2-8507-CD7E2906B101}.Release|x86.Build.0 = Release|Win32
		{387F1FBD-610C-48C2-AF48-F182061D690B}.Debug|ARM64.ActiveCfg = Debug|ARM64
		{387F1FBD-610C-48C2-AF48-F182061D690B}.Debug|ARM64.Build.0 = Debug|ARM64
		{387F1FBD-610C-48C2-AF48-F182061D690B}.Debug|x64.ActiveCfg = Debug|x64
		{387F1FBD-610C-48C2-AF48-F182061D690B}.Debug|x64.Build.0 = Debug|x64
		{387F1FBD-610C-48C2-AF48-F182061D690B}.Debug|x86.ActiveCfg = Debug|Win32
		{387F1FBD-610C-48C2-AF48-F182061D690B}.Debug|x86.Build.0 = Debug|Win32
		{387F1FBD-610C-48C2-AF48-F182061D690B}.Release|ARM64.ActiveCfg = Release|ARM64
		{387F1FBD-610C-48C2-AF48-F182061D690B}.Release|ARM64.Build.0 = Release|ARM64
		{387F1FBD-610C-48C2-AF48-F182061D690B}.Release|x64.ActiveCfg = Release|x64
		{387F1FBD-610C-48C2-AF48-F182061D690B}.Release|x64.Build.0 = Release|x64
		{387F1FBD-610C-48C2-AF48-F182061D690B}.Release|x86.ActiveCfg = Release|Win32
		{387F1FBD-610C-48C2-AF48-F182061D690B}.Release|x86.Build.0 = Release|Win32
		{22408715-5455-42CB-836D-63DB281F3811}.Debug|ARM64.ActiveCfg = Debug|x64
		{22408715-5455-42CB-836D-63DB281F3811}.Debug|ARM64.Build.0 = Debug|x64
		{22408715-5455-42CB-836D-63DB281F3811}.Debug|x64.ActiveCfg = Debug|x64
		{22408715-5455-42CB-836D-63DB281F3811}.Debug|x64.Build.0 = Debug|x64
		{22408715-5455-42CB-836D-63DB281F3811}.Debug|x86.ActiveCfg = Debug|Win32
		{22408715-5455-42CB-836D-63DB281F3811}.Debug|x86.Build.0 = Debug|Win32
		{22408715-5455-42CB-836D-63DB281F3811}.Release|ARM64.ActiveCfg = Release|x64
		{22408715-5455-42CB-836D-63DB281F3811}.Release|ARM64.Build.0 = Release|x64
		{22408715-5455-42CB-836D-63DB281F3811}.Release|x64.ActiveCfg = Release|x64
		{22408715-5455-42CB-836D-63DB281F3811}.Release|x64.Build.0 = Release|x64
		{22408715-5455-42CB-836D-63DB281F3811}.Release|x86.ActiveCfg = Release|Win32
		{22408715-5455-42CB-836D-63DB281F3811}.Release|x86.Build.0 = Release|Win32
		{A8445F71-DF53-4405-8025-0194FD9F8DD5}.Debug|ARM64.ActiveCfg = Debug|ARM64
		{A8445F71-DF53-4405-8025-0194FD9F8DD5}.Debug|ARM64.Build.0 = Debug|ARM64
		{A8445F71-DF53-4405-8025-0194FD9F8DD5}.Debug|x64.ActiveCfg = Debug|x64
		{A8445F71-DF53-4405-8025-0194FD9F8DD5}.Debug|x64.Build.0 = Debug|x64
		{A8445F71-DF53-4405-8025-0194FD9F8DD5}.Debug|x86.ActiveCfg = Debug|Win32
		{A8445F71-DF53-4405-8025-0194FD9F8DD5}.Debug|x86.Build.0 = Debug|Win32
		{A8445F71-DF53-4405-8025-0194FD9F8DD5}.Release|ARM64.ActiveCfg = Release|ARM64
		{A8445F71-DF53-4405-8025-0194FD9F8DD5}.Release|ARM64.Build.0 = Release|ARM64
		{A8445F71-DF53-4405-8025-0194FD9F8DD5}.Release|x64.ActiveCfg = Release|x64
		{A8445F71-DF53-4405-8025-0194FD9F8DD5}.Release|x64.Build.0 = Release|x64
		{A8445F71-DF53-4405-8025-0194FD9F8DD5}.Release|x86.ActiveCfg = Release|Win32
		{A8445F71-DF53-4405-8025-0194FD9F8DD5}.Release|x86.Build.0 = Release|Win32
		{30590D63-A9A7-484A-89A0-59CB9A931CD6}.Debug|ARM64.ActiveCfg = Debug|ARM64
		{30590D63-A9A7-484A-89A0-59CB9A931CD6}.Debug|ARM64.Build.0 = Debug|ARM64
		{30590D63-A9A7-484A-89A0-59CB9A931CD6}.Debug|x64.ActiveCfg = Debug|x64
		{30590D63-A9A7-484A-89A0-59CB9A931CD6}.Debug|x64.Build.0 = Debug|x64
		{30590D63-A9A7-484A-89A0-59CB9A931CD6}.Debug|x86.ActiveCfg = Debug|Win32
		{30590D63-A9A7-484A-89A0-59CB9A931CD6}.Debug|x86.Build.0 = Debug|Win32
		{30590D63-A9A7-484A-89A0-59CB9A931CD6}.Release|ARM64.ActiveCfg = Release|ARM64
		{30590D63-A9A7-484A-89A0-59CB9A931CD6}.Release|ARM64.Build.0 = Release|ARM64
		{30590D63-A9A7-484A-89A0-59CB9A931CD6}.Release|x64.ActiveCfg = Release|x64
		{30590D63-A9A7-484A-89A0-59CB9A931CD6}.Release|x64.Build.0 = Release|x64
		{30590D63-A9A7-484A-89A0-59CB9A931CD6}.Release|x86.ActiveCfg = Release|Win32
		{30590D63-A9A7-484A-89A0-59CB9A931CD6}.Release|x86.Build.0 = Release|Win32
		{1A88A401-2BEC-4934-9BA6-F8AB64ED731A}.Debug|ARM64.ActiveCfg = Debug|x64
		{1A88A401-2BEC-4934-9BA6-F8AB64ED731A}.Debug|ARM64.Build.0 = Debug|x64
		{1A88A401-2BEC-4934-9BA6-F8AB64ED731A}.Debug|x64.ActiveCfg = Debug|x64
		{1A88A401-2BEC-4934-9BA6-F8AB64ED731A}.Debug|x64.Build.0 = Debug|x64
		{1A88A401-2BEC-4934-9BA6-F8AB64ED731A}.Debug|x86.ActiveCfg = Debug|Win32
		{1A88A401-2BEC-4934-9BA6-F8AB64ED731A}.Debug|x86.Build.0 = Debug|Win32
		{1A88A401-2BEC-4934-9BA6-F8AB64ED731A}.Release|ARM64.ActiveCfg = Release|x64
		{1A88A401-2BEC-4934-9BA6-F8AB64ED731A}.Release|ARM64.Build.0 = Release|x64
		{1A88A401-2BEC-4934-9BA6-F8AB64ED731A}.Release|x64.ActiveCfg = Release|x64
		{1A88A401-2BEC-4934-9BA6-F8AB64ED731A}.Release|x64.Build.0 = Release|x64
		{1A88A401-2BEC-4934-9BA6-F8AB64ED731A}.Release|x86.ActiveCfg = Release|Win32
		{1A88A401-2BEC-4934-9BA6-F8AB64ED731A}.Release|x86.Build.0 = Release|Win32
	EndGlobalSection
	GlobalSection(SolutionProperties) = preSolution
		HideSolutionNode = FALSE
	EndGlobalSection
	GlobalSection(ExtensibilityGlobals) = postSolution
		SolutionGuid = {36E7191C-290F-48DD-A222-546F5D72DBD2}
	EndGlobalSection
EndGlobal
